# THIS IS AN AUTOGENERATED FILE. DO NOT EDIT THIS FILE DIRECTLY.
# yarn lockfile v1


"@nestjs/common@^7.6.18":
  version "7.6.18"
  resolved "https://registry.npmjs.org/@nestjs/common/-/common-7.6.18.tgz"
  dependencies:
    axios "0.21.1"
    iterare "1.2.1"
    tslib "2.2.0"
    uuid "8.3.2"

"@sqltools/formatter@^1.2.5":
  version "1.2.5"
  resolved "https://registry.npmjs.org/@sqltools/formatter/-/formatter-1.2.5.tgz"

"@types/body-parser@*":
  version "1.19.0"
  resolved "https://registry.npmjs.org/@types/body-parser/-/body-parser-1.19.0.tgz"
  dependencies:
    "@types/connect" "*"
    "@types/node" "*"

"@types/bull@^3.15.1":
  version "3.15.1"
  resolved "https://registry.npmjs.org/@types/bull/-/bull-3.15.1.tgz"
  dependencies:
    "@types/ioredis" "*"

"@types/connect@*":
  version "3.4.34"
  resolved "https://registry.npmjs.org/@types/connect/-/connect-3.4.34.tgz"
  dependencies:
    "@types/node" "*"

"@types/express-serve-static-core@^4.17.18":
  version "4.17.21"
  resolved "https://registry.npmjs.org/@types/express-serve-static-core/-/express-serve-static-core-4.17.21.tgz"
  dependencies:
    "@types/node" "*"
    "@types/qs" "*"
    "@types/range-parser" "*"

"@types/express@*", "@types/express@^4.17.12":
  version "4.17.12"
  resolved "https://registry.npmjs.org/@types/express/-/express-4.17.12.tgz"
  dependencies:
    "@types/body-parser" "*"
    "@types/express-serve-static-core" "^4.17.18"
    "@types/qs" "*"
    "@types/serve-static" "*"

"@types/ioredis@*":
  version "4.26.4"
  resolved "https://registry.npmjs.org/@types/ioredis/-/ioredis-4.26.4.tgz"
  dependencies:
    "@types/node" "*"

"@types/lodash@^4.14.170":
  version "4.14.170"
  resolved "https://registry.npmjs.org/@types/lodash/-/lodash-4.14.170.tgz"

"@types/mime@^1":
  version "1.3.2"
  resolved "https://registry.npmjs.org/@types/mime/-/mime-1.3.2.tgz"

"@types/multer@^1.4.5":
  version "1.4.5"
  resolved "https://registry.npmjs.org/@types/multer/-/multer-1.4.5.tgz"
  dependencies:
    "@types/express" "*"

"@types/node@*":
  version "15.12.2"
  resolved "https://registry.npmjs.org/@types/node/-/node-15.12.2.tgz"

"@types/qs@*":
  version "6.9.6"
  resolved "https://registry.npmjs.org/@types/qs/-/qs-6.9.6.tgz"

"@types/range-parser@*":
  version "1.2.3"
  resolved "https://registry.npmjs.org/@types/range-parser/-/range-parser-1.2.3.tgz"

"@types/serve-static@*":
  version "1.13.9"
  resolved "https://registry.npmjs.org/@types/serve-static/-/serve-static-1.13.9.tgz"
  dependencies:
    "@types/mime" "^1"
    "@types/node" "*"

"@types/validator@^13.1.3":
  version "13.1.4"
  resolved "https://registry.npmjs.org/@types/validator/-/validator-13.1.4.tgz"

ansi-regex@^5.0.1:
  version "5.0.1"
  resolved "https://registry.npmjs.org/ansi-regex/-/ansi-regex-5.0.1.tgz"

ansi-styles@^4.0.0, ansi-styles@^4.1.0:
  version "4.3.0"
  resolved "https://registry.npmjs.org/ansi-styles/-/ansi-styles-4.3.0.tgz"
  dependencies:
    color-convert "^2.0.1"

any-promise@^1.0.0:
  version "1.3.0"
  resolved "https://registry.npmjs.org/any-promise/-/any-promise-1.3.0.tgz"

app-root-path@^3.1.0:
  version "3.1.0"
  resolved "https://registry.npmjs.org/app-root-path/-/app-root-path-3.1.0.tgz"

axios@0.21.1:
  version "0.21.1"
  resolved "https://registry.npmjs.org/axios/-/axios-0.21.1.tgz"
  dependencies:
    follow-redirects "^1.10.0"

balanced-match@^1.0.0:
  version "1.0.2"
  resolved "https://registry.npmjs.org/balanced-match/-/balanced-match-1.0.2.tgz"

base64-js@^1.3.1:
  version "1.5.1"
  resolved "https://registry.npmjs.org/base64-js/-/base64-js-1.5.1.tgz"

brace-expansion@^2.0.1:
  version "2.0.1"
  resolved "https://registry.npmjs.org/brace-expansion/-/brace-expansion-2.0.1.tgz"
  dependencies:
    balanced-match "^1.0.0"

buffer@^6.0.3:
  version "6.0.3"
  resolved "https://registry.npmjs.org/buffer/-/buffer-6.0.3.tgz"
  dependencies:
    base64-js "^1.3.1"
    ieee754 "^1.2.1"

bull@^3.22.8:
  version "3.22.8"
  resolved "https://registry.npmjs.org/bull/-/bull-3.22.8.tgz"
  dependencies:
    cron-parser "^2.13.0"
    debuglog "^1.0.0"
    get-port "^5.1.1"
    ioredis "^4.27.0"
    lodash "^4.17.21"
    p-timeout "^3.2.0"
    promise.prototype.finally "^3.1.2"
    semver "^7.3.2"
    util.promisify "^1.0.1"
    uuid "^8.3.0"

call-bind@^1.0.0, call-bind@^1.0.2:
  version "1.0.2"
  resolved "https://registry.npmjs.org/call-bind/-/call-bind-1.0.2.tgz"
  dependencies:
    function-bind "^1.1.1"
    get-intrinsic "^1.0.2"

chalk@^4.0.0, chalk@^4.1.2:
  version "4.1.2"
  resolved "https://registry.npmjs.org/chalk/-/chalk-4.1.2.tgz"
  dependencies:
    ansi-styles "^4.1.0"
    supports-color "^7.1.0"

class-transformer@^0.4.0:
  version "0.4.0"
  resolved "https://registry.npmjs.org/class-transformer/-/class-transformer-0.4.0.tgz"

class-validator@^0.13.1:
  version "0.13.1"
  resolved "https://registry.npmjs.org/class-validator/-/class-validator-0.13.1.tgz"
  dependencies:
    "@types/validator" "^13.1.3"
    libphonenumber-js "^1.9.7"
    validator "^13.5.2"

cli-highlight@^2.1.11:
  version "2.1.11"
  resolved "https://registry.npmjs.org/cli-highlight/-/cli-highlight-2.1.11.tgz"
  dependencies:
    chalk "^4.0.0"
    highlight.js "^10.7.1"
    mz "^2.4.0"
    parse5 "^5.1.1"
    parse5-htmlparser2-tree-adapter "^6.0.0"
    yargs "^16.0.0"

cliui@^7.0.2:
  version "7.0.4"
  resolved "https://registry.npmjs.org/cliui/-/cliui-7.0.4.tgz"
  dependencies:
    string-width "^4.2.0"
    strip-ansi "^6.0.0"
    wrap-ansi "^7.0.0"

cliui@^8.0.1:
  version "8.0.1"
  resolved "https://registry.npmjs.org/cliui/-/cliui-8.0.1.tgz"
  dependencies:
    string-width "^4.2.0"
    strip-ansi "^6.0.1"
    wrap-ansi "^7.0.0"

cluster-key-slot@^1.1.0:
  version "1.1.0"
  resolved "https://registry.npmjs.org/cluster-key-slot/-/cluster-key-slot-1.1.0.tgz"

color-convert@^2.0.1:
  version "2.0.1"
  resolved "https://registry.npmjs.org/color-convert/-/color-convert-2.0.1.tgz"
  dependencies:
    color-name "~1.1.4"

color-name@~1.1.4:
  version "1.1.4"
  resolved "https://registry.npmjs.org/color-name/-/color-name-1.1.4.tgz"

cron-parser@^2.13.0:
  version "2.18.0"
  resolved "https://registry.npmjs.org/cron-parser/-/cron-parser-2.18.0.tgz"
  dependencies:
    is-nan "^1.3.0"
    moment-timezone "^0.5.31"

dayjs@^1.10.5:
  version "1.10.5"
  resolved "https://registry.npmjs.org/dayjs/-/dayjs-1.10.5.tgz"

debug@^4.3.1, debug@^4.3.4:
  version "4.3.4"
  resolved "https://registry.npmjs.org/debug/-/debug-4.3.4.tgz"
  dependencies:
    ms "2.1.2"

debuglog@^1.0.0:
  version "1.0.1"
  resolved "https://registry.npmjs.org/debuglog/-/debuglog-1.0.1.tgz"

define-properties@^1.1.3:
  version "1.1.3"
  resolved "https://registry.npmjs.org/define-properties/-/define-properties-1.1.3.tgz"
  dependencies:
    object-keys "^1.0.12"

denque@^1.1.0:
  version "1.5.1"
  resolved "https://registry.npmjs.org/denque/-/denque-1.5.1.tgz"

dotenv@^16.0.3:
  version "16.0.3"
  resolved "https://registry.npmjs.org/dotenv/-/dotenv-16.0.3.tgz"

emoji-regex@^8.0.0:
  version "8.0.0"
  resolved "https://registry.npmjs.org/emoji-regex/-/emoji-regex-8.0.0.tgz"

es-abstract@^1.17.0-next.0, es-abstract@^1.18.0-next.2:
  version "1.18.3"
  resolved "https://registry.npmjs.org/es-abstract/-/es-abstract-1.18.3.tgz"
  dependencies:
    call-bind "^1.0.2"
    es-to-primitive "^1.2.1"
    function-bind "^1.1.1"
    get-intrinsic "^1.1.1"
    has "^1.0.3"
    has-symbols "^1.0.2"
    is-callable "^1.2.3"
    is-negative-zero "^2.0.1"
    is-regex "^1.1.3"
    is-string "^1.0.6"
    object-inspect "^1.10.3"
    object-keys "^1.1.1"
    object.assign "^4.1.2"
    string.prototype.trimend "^1.0.4"
    string.prototype.trimstart "^1.0.4"
    unbox-primitive "^1.0.1"

es-to-primitive@^1.2.1:
  version "1.2.1"
  resolved "https://registry.npmjs.org/es-to-primitive/-/es-to-primitive-1.2.1.tgz"
  dependencies:
    is-callable "^1.1.4"
    is-date-object "^1.0.1"
    is-symbol "^1.0.2"

escalade@^3.1.1:
  version "3.1.1"
  resolved "https://registry.npmjs.org/escalade/-/escalade-3.1.1.tgz"

follow-redirects@^1.10.0:
  version "1.15.4"
  resolved "https://registry.yarnpkg.com/follow-redirects/-/follow-redirects-1.15.4.tgz#cdc7d308bf6493126b17ea2191ea0ccf3e535adf"

for-each@^0.3.3:
  version "0.3.3"
  resolved "https://registry.npmjs.org/for-each/-/for-each-0.3.3.tgz"
  dependencies:
    is-callable "^1.1.3"

fs.realpath@^1.0.0:
  version "1.0.0"
  resolved "https://registry.npmjs.org/fs.realpath/-/fs.realpath-1.0.0.tgz"

function-bind@^1.1.1:
  version "1.1.1"
  resolved "https://registry.npmjs.org/function-bind/-/function-bind-1.1.1.tgz"

get-caller-file@^2.0.5:
  version "2.0.5"
  resolved "https://registry.npmjs.org/get-caller-file/-/get-caller-file-2.0.5.tgz"

get-intrinsic@^1.0.2, get-intrinsic@^1.1.1:
  version "1.1.1"
  resolved "https://registry.npmjs.org/get-intrinsic/-/get-intrinsic-1.1.1.tgz"
  dependencies:
    function-bind "^1.1.1"
    has "^1.0.3"
    has-symbols "^1.0.1"

get-port@^5.1.1:
  version "5.1.1"
  resolved "https://registry.npmjs.org/get-port/-/get-port-5.1.1.tgz"

glob@^8.1.0:
  version "8.1.0"
  resolved "https://registry.npmjs.org/glob/-/glob-8.1.0.tgz"
  dependencies:
    fs.realpath "^1.0.0"
    inflight "^1.0.4"
    inherits "2"
    minimatch "^5.0.1"
    once "^1.3.0"

has-bigints@^1.0.1:
  version "1.0.1"
  resolved "https://registry.npmjs.org/has-bigints/-/has-bigints-1.0.1.tgz"

has-flag@^4.0.0:
  version "4.0.0"
  resolved "https://registry.npmjs.org/has-flag/-/has-flag-4.0.0.tgz"

has-symbols@^1.0.1, has-symbols@^1.0.2:
  version "1.0.2"
  resolved "https://registry.npmjs.org/has-symbols/-/has-symbols-1.0.2.tgz"

has@^1.0.3:
  version "1.0.3"
  resolved "https://registry.npmjs.org/has/-/has-1.0.3.tgz"
  dependencies:
    function-bind "^1.1.1"

highlight.js@^10.7.1:
  version "10.7.3"
  resolved "https://registry.npmjs.org/highlight.js/-/highlight.js-10.7.3.tgz"

ieee754@^1.2.1:
  version "1.2.1"
  resolved "https://registry.npmjs.org/ieee754/-/ieee754-1.2.1.tgz"

inflight@^1.0.4:
  version "1.0.6"
  resolved "https://registry.npmjs.org/inflight/-/inflight-1.0.6.tgz"
  dependencies:
    once "^1.3.0"
    wrappy "1"

inherits@2, inherits@^2.0.1:
  version "2.0.4"
  resolved "https://registry.npmjs.org/inherits/-/inherits-2.0.4.tgz"

ioredis@^4.27.0:
  version "4.28.5"
  resolved "https://registry.npmjs.org/ioredis/-/ioredis-4.28.5.tgz"
  dependencies:
    cluster-key-slot "^1.1.0"
    debug "^4.3.1"
    denque "^1.1.0"
    lodash.defaults "^4.2.0"
    lodash.flatten "^4.4.0"
    lodash.isarguments "^3.1.0"
    p-map "^2.1.0"
    redis-commands "1.7.0"
    redis-errors "^1.2.0"
    redis-parser "^3.0.0"
    standard-as-callback "^2.1.0"

is-bigint@^1.0.1:
  version "1.0.2"
  resolved "https://registry.npmjs.org/is-bigint/-/is-bigint-1.0.2.tgz"

is-boolean-object@^1.1.0:
  version "1.1.1"
  resolved "https://registry.npmjs.org/is-boolean-object/-/is-boolean-object-1.1.1.tgz"
  dependencies:
    call-bind "^1.0.2"

is-callable@^1.1.3, is-callable@^1.1.4, is-callable@^1.2.3:
  version "1.2.3"
  resolved "https://registry.npmjs.org/is-callable/-/is-callable-1.2.3.tgz"

is-date-object@^1.0.1:
  version "1.0.4"
  resolved "https://registry.npmjs.org/is-date-object/-/is-date-object-1.0.4.tgz"

is-fullwidth-code-point@^3.0.0:
  version "3.0.0"
  resolved "https://registry.npmjs.org/is-fullwidth-code-point/-/is-fullwidth-code-point-3.0.0.tgz"

is-nan@^1.3.0:
  version "1.3.2"
  resolved "https://registry.npmjs.org/is-nan/-/is-nan-1.3.2.tgz"
  dependencies:
    call-bind "^1.0.0"
    define-properties "^1.1.3"

is-negative-zero@^2.0.1:
  version "2.0.1"
  resolved "https://registry.npmjs.org/is-negative-zero/-/is-negative-zero-2.0.1.tgz"

is-number-object@^1.0.4:
  version "1.0.5"
  resolved "https://registry.npmjs.org/is-number-object/-/is-number-object-1.0.5.tgz"

is-regex@^1.1.3:
  version "1.1.3"
  resolved "https://registry.npmjs.org/is-regex/-/is-regex-1.1.3.tgz"
  dependencies:
    call-bind "^1.0.2"
    has-symbols "^1.0.2"

is-string@^1.0.5, is-string@^1.0.6:
  version "1.0.6"
  resolved "https://registry.npmjs.org/is-string/-/is-string-1.0.6.tgz"

is-symbol@^1.0.2, is-symbol@^1.0.3:
  version "1.0.4"
  resolved "https://registry.npmjs.org/is-symbol/-/is-symbol-1.0.4.tgz"
  dependencies:
    has-symbols "^1.0.2"

iterare@1.2.1:
  version "1.2.1"
  resolved "https://registry.npmjs.org/iterare/-/iterare-1.2.1.tgz"

libphonenumber-js@^1.9.7:
  version "1.9.19"
  resolved "https://registry.npmjs.org/libphonenumber-js/-/libphonenumber-js-1.9.19.tgz"

lodash.defaults@^4.2.0:
  version "4.2.0"
  resolved "https://registry.npmjs.org/lodash.defaults/-/lodash.defaults-4.2.0.tgz"

lodash.flatten@^4.4.0:
  version "4.4.0"
  resolved "https://registry.npmjs.org/lodash.flatten/-/lodash.flatten-4.4.0.tgz"

lodash.isarguments@^3.1.0:
  version "3.1.0"
  resolved "https://registry.npmjs.org/lodash.isarguments/-/lodash.isarguments-3.1.0.tgz"

lodash@^4.17.21:
  version "4.17.21"
  resolved "https://registry.npmjs.org/lodash/-/lodash-4.17.21.tgz"

lru-cache@^6.0.0:
  version "6.0.0"
  resolved "https://registry.npmjs.org/lru-cache/-/lru-cache-6.0.0.tgz"
  dependencies:
    yallist "^4.0.0"

minimatch@^5.0.1:
  version "5.1.6"
  resolved "https://registry.npmjs.org/minimatch/-/minimatch-5.1.6.tgz"
  dependencies:
    brace-expansion "^2.0.1"

mkdirp@^2.1.3:
  version "2.1.6"
  resolved "https://registry.npmjs.org/mkdirp/-/mkdirp-2.1.6.tgz"

moment-timezone@^0.5.31:
  version "0.5.37"
  resolved "https://registry.npmjs.org/moment-timezone/-/moment-timezone-0.5.37.tgz"
  dependencies:
    moment ">= 2.9.0"

"moment@>= 2.9.0":
  version "2.29.4"
  resolved "https://registry.npmjs.org/moment/-/moment-2.29.4.tgz"

ms@2.1.2:
  version "2.1.2"
  resolved "https://registry.npmjs.org/ms/-/ms-2.1.2.tgz"

mz@^2.4.0:
  version "2.7.0"
  resolved "https://registry.npmjs.org/mz/-/mz-2.7.0.tgz"
  dependencies:
    any-promise "^1.0.0"
    object-assign "^4.0.1"
    thenify-all "^1.0.0"

object-assign@^4.0.1:
  version "4.1.1"
  resolved "https://registry.npmjs.org/object-assign/-/object-assign-4.1.1.tgz"

object-inspect@^1.10.3:
  version "1.10.3"
  resolved "https://registry.npmjs.org/object-inspect/-/object-inspect-1.10.3.tgz"

object-keys@^1.0.12, object-keys@^1.1.1:
  version "1.1.1"
  resolved "https://registry.npmjs.org/object-keys/-/object-keys-1.1.1.tgz"

object.assign@^4.1.2:
  version "4.1.2"
  resolved "https://registry.npmjs.org/object.assign/-/object.assign-4.1.2.tgz"
  dependencies:
    call-bind "^1.0.0"
    define-properties "^1.1.3"
    has-symbols "^1.0.1"
    object-keys "^1.1.1"

object.getownpropertydescriptors@^2.1.1:
  version "2.1.2"
  resolved "https://registry.npmjs.org/object.getownpropertydescriptors/-/object.getownpropertydescriptors-2.1.2.tgz"
  dependencies:
    call-bind "^1.0.2"
    define-properties "^1.1.3"
    es-abstract "^1.18.0-next.2"

once@^1.3.0:
  version "1.4.0"
  resolved "https://registry.npmjs.org/once/-/once-1.4.0.tgz"
  dependencies:
    wrappy "1"

p-finally@^1.0.0:
  version "1.0.0"
  resolved "https://registry.npmjs.org/p-finally/-/p-finally-1.0.0.tgz"

p-map@^2.1.0:
  version "2.1.0"
  resolved "https://registry.npmjs.org/p-map/-/p-map-2.1.0.tgz"

p-timeout@^3.2.0:
  version "3.2.0"
  resolved "https://registry.npmjs.org/p-timeout/-/p-timeout-3.2.0.tgz"
  dependencies:
    p-finally "^1.0.0"

parse5-htmlparser2-tree-adapter@^6.0.0:
  version "6.0.1"
  resolved "https://registry.npmjs.org/parse5-htmlparser2-tree-adapter/-/parse5-htmlparser2-tree-adapter-6.0.1.tgz"
  dependencies:
    parse5 "^6.0.1"

parse5@^5.1.1:
  version "5.1.1"
  resolved "https://registry.npmjs.org/parse5/-/parse5-5.1.1.tgz"

parse5@^6.0.1:
  version "6.0.1"
  resolved "https://registry.npmjs.org/parse5/-/parse5-6.0.1.tgz"

promise.prototype.finally@^3.1.2:
  version "3.1.2"
  resolved "https://registry.npmjs.org/promise.prototype.finally/-/promise.prototype.finally-3.1.2.tgz"
  dependencies:
    define-properties "^1.1.3"
    es-abstract "^1.17.0-next.0"
    function-bind "^1.1.1"

redis-commands@1.7.0:
  version "1.7.0"
  resolved "https://registry.npmjs.org/redis-commands/-/redis-commands-1.7.0.tgz"

redis-errors@^1.0.0, redis-errors@^1.2.0:
  version "1.2.0"
  resolved "https://registry.npmjs.org/redis-errors/-/redis-errors-1.2.0.tgz"

redis-parser@^3.0.0:
  version "3.0.0"
  resolved "https://registry.npmjs.org/redis-parser/-/redis-parser-3.0.0.tgz"
  dependencies:
    redis-errors "^1.0.0"

reflect-metadata@^0.1.13:
  version "0.1.13"
  resolved "https://registry.npmjs.org/reflect-metadata/-/reflect-metadata-0.1.13.tgz"

require-directory@^2.1.1:
  version "2.1.1"
  resolved "https://registry.npmjs.org/require-directory/-/require-directory-2.1.1.tgz"

safe-buffer@^5.0.1:
  version "5.2.1"
  resolved "https://registry.npmjs.org/safe-buffer/-/safe-buffer-5.2.1.tgz"

semver@^7.3.2:
  version "7.5.4"
  resolved "https://registry.npmjs.org/semver/-/semver-7.5.4.tgz"
  dependencies:
    lru-cache "^6.0.0"

sha.js@^2.4.11:
  version "2.4.11"
  resolved "https://registry.npmjs.org/sha.js/-/sha.js-2.4.11.tgz"
  dependencies:
    inherits "^2.0.1"
    safe-buffer "^5.0.1"

standard-as-callback@^2.1.0:
  version "2.1.0"
  resolved "https://registry.npmjs.org/standard-as-callback/-/standard-as-callback-2.1.0.tgz"

string-width@^4.1.0, string-width@^4.2.0, string-width@^4.2.3:
  version "4.2.3"
  resolved "https://registry.npmjs.org/string-width/-/string-width-4.2.3.tgz"
  dependencies:
    emoji-regex "^8.0.0"
    is-fullwidth-code-point "^3.0.0"
    strip-ansi "^6.0.1"

string.prototype.trimend@^1.0.4:
  version "1.0.4"
  resolved "https://registry.npmjs.org/string.prototype.trimend/-/string.prototype.trimend-1.0.4.tgz"
  dependencies:
    call-bind "^1.0.2"
    define-properties "^1.1.3"

string.prototype.trimstart@^1.0.4:
  version "1.0.4"
  resolved "https://registry.npmjs.org/string.prototype.trimstart/-/string.prototype.trimstart-1.0.4.tgz"
  dependencies:
    call-bind "^1.0.2"
    define-properties "^1.1.3"

strip-ansi@^6.0.0, strip-ansi@^6.0.1:
  version "6.0.1"
  resolved "https://registry.npmjs.org/strip-ansi/-/strip-ansi-6.0.1.tgz"
  dependencies:
    ansi-regex "^5.0.1"

supports-color@^7.1.0:
  version "7.2.0"
  resolved "https://registry.npmjs.org/supports-color/-/supports-color-7.2.0.tgz"
  dependencies:
    has-flag "^4.0.0"

thenify-all@^1.0.0:
  version "1.6.0"
  resolved "https://registry.npmjs.org/thenify-all/-/thenify-all-1.6.0.tgz"
  dependencies:
    thenify ">= 3.1.0 < 4"

"thenify@>= 3.1.0 < 4":
  version "3.3.1"
  resolved "https://registry.npmjs.org/thenify/-/thenify-3.3.1.tgz"
  dependencies:
    any-promise "^1.0.0"

tslib@2.2.0:
  version "2.2.0"
  resolved "https://registry.npmjs.org/tslib/-/tslib-2.2.0.tgz"

tslib@^2.5.0:
  version "2.5.0"
  resolved "https://registry.npmjs.org/tslib/-/tslib-2.5.0.tgz"

typeorm@^0.3.14:
  version "0.3.14"
  resolved "https://registry.npmjs.org/typeorm/-/typeorm-0.3.14.tgz"
  dependencies:
    "@sqltools/formatter" "^1.2.5"
    app-root-path "^3.1.0"
    buffer "^6.0.3"
    chalk "^4.1.2"
    cli-highlight "^2.1.11"
    debug "^4.3.4"
    dotenv "^16.0.3"
    glob "^8.1.0"
    mkdirp "^2.1.3"
    reflect-metadata "^0.1.13"
    sha.js "^2.4.11"
    tslib "^2.5.0"
    uuid "^9.0.0"
    yargs "^17.6.2"

typescript@^4.3.4:
  version "4.3.4"
  resolved "https://registry.npmjs.org/typescript/-/typescript-4.3.4.tgz"

unbox-primitive@^1.0.1:
  version "1.0.1"
  resolved "https://registry.npmjs.org/unbox-primitive/-/unbox-primitive-1.0.1.tgz"
  dependencies:
    function-bind "^1.1.1"
    has-bigints "^1.0.1"
    has-symbols "^1.0.2"
    which-boxed-primitive "^1.0.2"

util.promisify@^1.0.1:
  version "1.1.1"
  resolved "https://registry.npmjs.org/util.promisify/-/util.promisify-1.1.1.tgz"
  dependencies:
    call-bind "^1.0.0"
    define-properties "^1.1.3"
    for-each "^0.3.3"
    has-symbols "^1.0.1"
    object.getownpropertydescriptors "^2.1.1"

uuid@8.3.2, uuid@^8.3.0:
  version "8.3.2"
  resolved "https://registry.npmjs.org/uuid/-/uuid-8.3.2.tgz"

uuid@^9.0.0:
  version "9.0.0"
  resolved "https://registry.npmjs.org/uuid/-/uuid-9.0.0.tgz"

validator@^13.5.2:
  version "13.7.0"
  resolved "https://registry.npmjs.org/validator/-/validator-13.7.0.tgz"

which-boxed-primitive@^1.0.2:
  version "1.0.2"
  resolved "https://registry.npmjs.org/which-boxed-primitive/-/which-boxed-primitive-1.0.2.tgz"
  dependencies:
    is-bigint "^1.0.1"
    is-boolean-object "^1.1.0"
    is-number-object "^1.0.4"
    is-string "^1.0.5"
    is-symbol "^1.0.3"

wrap-ansi@^7.0.0:
  version "7.0.0"
  resolved "https://registry.npmjs.org/wrap-ansi/-/wrap-ansi-7.0.0.tgz"
  dependencies:
    ansi-styles "^4.0.0"
    string-width "^4.1.0"
    strip-ansi "^6.0.0"

wrappy@1:
  version "1.0.2"
  resolved "https://registry.npmjs.org/wrappy/-/wrappy-1.0.2.tgz"

y18n@^5.0.5:
  version "5.0.8"
  resolved "https://registry.npmjs.org/y18n/-/y18n-5.0.8.tgz"

yallist@^4.0.0:
  version "4.0.0"
  resolved "https://registry.npmjs.org/yallist/-/yallist-4.0.0.tgz"

yargs-parser@^20.2.2:
  version "20.2.7"
  resolved "https://registry.npmjs.org/yargs-parser/-/yargs-parser-20.2.7.tgz"

yargs-parser@^21.1.1:
  version "21.1.1"
  resolved "https://registry.npmjs.org/yargs-parser/-/yargs-parser-21.1.1.tgz"

yargs@^16.0.0:
  version "16.2.0"
  resolved "https://registry.npmjs.org/yargs/-/yargs-16.2.0.tgz"
  dependencies:
    cliui "^7.0.2"
    escalade "^3.1.1"
    get-caller-file "^2.0.5"
    require-directory "^2.1.1"
    string-width "^4.2.0"
    y18n "^5.0.5"
    yargs-parser "^20.2.2"

yargs@^17.6.2:
  version "17.7.1"
  resolved "https://registry.npmjs.org/yargs/-/yargs-17.7.1.tgz"
  dependencies:
    cliui "^8.0.1"
    escalade "^3.1.1"
    get-caller-file "^2.0.5"
    require-directory "^2.1.1"
    string-width "^4.2.3"
    y18n "^5.0.5"
    yargs-parser "^21.1.1"
